
Microsoft Visual Studio Solution File, Format Version 12.00
# Visual Studio 15
VisualStudioVersion = 15.0.28010.2026
MinimumVisualStudioVersion = 10.0.40219.1
Project("{FAE04EC0-301F-11D3-BF4B-00C04F79EFBC}") = "BackendTest", "BackendTest\BackendTest.csproj", "{17FFA9F7-A480-4D20-9388-8151BC7FB66D}"
EndProject
Global
	GlobalSection(SolutionConfigurationPlatforms) = preSolution
		Debug|Any CPU = Debug|Any CPU
		Release|Any CPU = Release|Any CPU
	EndGlobalSection
	GlobalSection(ProjectConfigurationPlatforms) = postSolution
		{17FFA9F7-A480-4D20-9388-8151BC7FB66D}.Debug|Any CPU.ActiveCfg = Debug|Any CPU
		{17FFA9F7-A480-4D20-9388-8151BC7FB66D}.Debug|Any CPU.Build.0 = Debug|Any CPU
		{17FFA9F7-A480-4D20-9388-8151BC7FB66D}.Release|Any CPU.ActiveCfg = Release|Any CPU
		{17FFA9F7-A480-4D20-9388-8151BC7FB66D}.Release|Any CPU.Build.0 = Release|Any CPU
	EndGlobalSection
	GlobalSection(SolutionProperties) = preSolution
		HideSolutionNode = FALSE
	EndGlobalSection
	GlobalSection(ExtensibilityGlobals) = postSolution
		SolutionGuid = {C0C32FB9-FB31-43FF-89B5-40413E6C9D9F}
	EndGlobalSection
EndGlobal
